
Microsoft Visual Studio Solution File, Format Version 12.00
# Visual Studio 15
VisualStudioVersion = 15.0.28010.2036
MinimumVisualStudioVersion = 10.0.40219.1
Project("{8BC9CEB8-8B4A-11D0-8D11-00A0C91BC942}") = "opengl", "opengl\opengl.vcxproj", "{FCBE9780-F735-4B59-AA78-B7E5A7F90B70}"
EndProject
Global
	GlobalSection(SolutionConfigurationPlatforms) = preSolution
		Debug|x64 = Debug|x64
		Debug|x86 = Debug|x86
		Release|x64 = Release|x64
		Release|x86 = Release|x86
	EndGlobalSection
	GlobalSection(ProjectConfigurationPlatforms) = postSolution
		{FCBE9780-F735-4B59-AA78-B7E5A7F90B70}.Debug|x64.ActiveCfg = Debug|x64
		{FCBE9780-F735-4B59-AA78-B7E5A7F90B70}.Debug|x64.Build.0 = Debug|x64
		{FCBE9780-F735-4B59-AA78-B7E5A7F90B70}.Debug|x86.ActiveCfg = Debug|Win32
		{FCBE9780-F735-4B59-AA78-B7E5A7F90B70}.Debug|x86.Build.0 = Debug|Win32
		{FCBE9780-F735-4B59-AA78-B7E5A7F90B70}.Release|x64.ActiveCfg = Release|x64
		{FCBE9780-F735-4B59-AA78-B7E5A7F90B70}.Release|x64.Build.0 = Release|x64
		{FCBE9780-F735-4B59-AA78-B7E5A7F90B70}.Release|x86.ActiveCfg = Release|Win32
		{FCBE9780-F735-4B59-AA78-B7E5A7F90B70}.Release|x86.Build.0 = Release|Win32
	EndGlobalSection
	GlobalSection(SolutionProperties) = preSolution
		HideSolutionNode = FALSE
	EndGlobalSection
	GlobalSection(ExtensibilityGlobals) = postSolution
		SolutionGuid = {D7854D35-2F27-4574-AFB3-4C29C1802942}
	EndGlobalSection
EndGlobal
